// !$*UTF8*$!
{
	archiveVersion = 1;
	classes = {
	};
	objectVersion = 50;
	objects = {

/* Begin PBXBuildFile section */
		72166DB2223EB9E000D1C8F8 /* AppDelegate.swift in Sources */ = {isa = PBXBuildFile; fileRef = 72166DB1223EB9E000D1C8F8 /* AppDelegate.swift */; };
		72166DB4223EB9E000D1C8F8 /* ViewController.swift in Sources */ = {isa = PBXBuildFile; fileRef = 72166DB3223EB9E000D1C8F8 /* ViewController.swift */; };
		72166DB7223EB9E000D1C8F8 /* Main.storyboard in Resources */ = {isa = PBXBuildFile; fileRef = 72166DB5223EB9E000D1C8F8 /* Main.storyboard */; };
		72166DB9223EB9E200D1C8F8 /* Assets.xcassets in Resources */ = {isa = PBXBuildFile; fileRef = 72166DB8223EB9E200D1C8F8 /* Assets.xcassets */; };
		72166DBC223EB9E200D1C8F8 /* LaunchScreen.storyboard in Resources */ = {isa = PBXBuildFile; fileRef = 72166DBA223EB9E200D1C8F8 /* LaunchScreen.storyboard */; };
		72166DC7223EB9E200D1C8F8 /* KotlinIOSTests.swift in Sources */ = {isa = PBXBuildFile; fileRef = 72166DC6223EB9E200D1C8F8 /* KotlinIOSTests.swift */; };
		72166DD2223EB9E200D1C8F8 /* KotlinIOSUITests.swift in Sources */ = {isa = PBXBuildFile; fileRef = 72166DD1223EB9E200D1C8F8 /* KotlinIOSUITests.swift */; };
		72166DE0223EBACD00D1C8F8 /* library.framework in Frameworks */ = {isa = PBXBuildFile; fileRef = 72166DDF223EBACD00D1C8F8 /* library.framework */; };
		72166DE1223EBACD00D1C8F8 /* library.framework in Embed Frameworks */ = {isa = PBXBuildFile; fileRef = 72166DDF223EBACD00D1C8F8 /* library.framework */; settings = {ATTRIBUTES = (CodeSignOnCopy, RemoveHeadersOnCopy, ); }; };
/* End PBXBuildFile section */

/* Begin PBXContainerItemProxy section */
		72166DC3223EB9E200D1C8F8 /* PBXContainerItemProxy */ = {
			isa = PBXContainerItemProxy;
			containerPortal = 72166DA6223EB9E000D1C8F8 /* Project object */;
			proxyType = 1;
			remoteGlobalIDString = 72166DAD223EB9E000D1C8F8;
			remoteInfo = KotlinIOS;
		};
		72166DCE223EB9E200D1C8F8 /* PBXContainerItemProxy */ = {
			isa = PBXContainerItemProxy;
			containerPortal = 72166DA6223EB9E000D1C8F8 /* Project object */;
			proxyType = 1;
			remoteGlobalIDString = 72166DAD223EB9E000D1C8F8;
			remoteInfo = KotlinIOS;
		};
/* End PBXContainerItemProxy section */

/* Begin PBXCopyFilesBuildPhase section */
		72166DE2223EBACD00D1C8F8 /* Embed Frameworks */ = {
			isa = PBXCopyFilesBuildPhase;
			buildActionMask = 2147483647;
			dstPath = "";
			dstSubfolderSpec = 10;
			files = (
				72166DE1223EBACD00D1C8F8 /* library.framework in Embed Frameworks */,
			);
			name = "Embed Frameworks";
			runOnlyForDeploymentPostprocessing = 0;
		};
/* End PBXCopyFilesBuildPhase section */

/* Begin PBXFileReference section */
		72166DAE223EB9E000D1C8F8 /* KotlinIOS.app */ = {isa = PBXFileReference; explicitFileType = wrapper.application; includeInIndex = 0; path = KotlinIOS.app; sourceTree = BUILT_PRODUCTS_DIR; };
		72166DB1223EB9E000D1C8F8 /* AppDelegate.swift */ = {isa = PBXFileReference; lastKnownFileType = sourcecode.swift; path = AppDelegate.swift; sourceTree = "<group>"; };
		72166DB3223EB9E000D1C8F8 /* ViewController.swift */ = {isa = PBXFileReference; lastKnownFileType = sourcecode.swift; path = ViewController.swift; sourceTree = "<group>"; };
		72166DB6223EB9E000D1C8F8 /* Base */ = {isa = PBXFileReference; lastKnownFileType = file.storyboard; name = Base; path = Base.lproj/Main.storyboard; sourceTree = "<group>"; };
		72166DB8223EB9E200D1C8F8 /* Assets.xcassets */ = {isa = PBXFileReference; lastKnownFileType = folder.assetcatalog; path = Assets.xcassets; sourceTree = "<group>"; };
		72166DBB223EB9E200D1C8F8 /* Base */ = {isa = PBXFileReference; lastKnownFileType = file.storyboard; name = Base; path = Base.lproj/LaunchScreen.storyboard; sourceTree = "<group>"; };
		72166DBD223EB9E200D1C8F8 /* Info.plist */ = {isa = PBXFileReference; lastKnownFileType = text.plist.xml; path = Info.plist; sourceTree = "<group>"; };
		72166DC2223EB9E200D1C8F8 /* KotlinIOSTests.xctest */ = {isa = PBXFileReference; explicitFileType = wrapper.cfbundle; includeInIndex = 0; path = KotlinIOSTests.xctest; sourceTree = BUILT_PRODUCTS_DIR; };
		72166DC6223EB9E200D1C8F8 /* KotlinIOSTests.swift */ = {isa = PBXFileReference; lastKnownFileType = sourcecode.swift; path = KotlinIOSTests.swift; sourceTree = "<group>"; };
		72166DC8223EB9E200D1C8F8 /* Info.plist */ = {isa = PBXFileReference; lastKnownFileType = text.plist.xml; path = Info.plist; sourceTree = "<group>"; };
		72166DCD223EB9E200D1C8F8 /* KotlinIOSUITests.xctest */ = {isa = PBXFileReference; explicitFileType = wrapper.cfbundle; includeInIndex = 0; path = KotlinIOSUITests.xctest; sourceTree = BUILT_PRODUCTS_DIR; };
		72166DD1223EB9E200D1C8F8 /* KotlinIOSUITests.swift */ = {isa = PBXFileReference; lastKnownFileType = sourcecode.swift; path = KotlinIOSUITests.swift; sourceTree = "<group>"; };
		72166DD3223EB9E200D1C8F8 /* Info.plist */ = {isa = PBXFileReference; lastKnownFileType = text.plist.xml; path = Info.plist; sourceTree = "<group>"; };
		72166DDF223EBACD00D1C8F8 /* library.framework */ = {isa = PBXFileReference; lastKnownFileType = wrapper.framework; name = library.framework; path = "../../library/build/xcode-frameworks/library.framework"; sourceTree = "<group>"; };
/* End PBXFileReference section */

/* Begin PBXFrameworksBuildPhase section */
		72166DAB223EB9E000D1C8F8 /* Frameworks */ = {
			isa = PBXFrameworksBuildPhase;
			buildActionMask = 2147483647;
			files = (
				72166DE0223EBACD00D1C8F8 /* library.framework in Frameworks */,
			);
			runOnlyForDeploymentPostprocessing = 0;
		};
		72166DBF223EB9E200D1C8F8 /* Frameworks */ = {
			isa = PBXFrameworksBuildPhase;
			buildActionMask = 2147483647;
			files = (
			);
			runOnlyForDeploymentPostprocessing = 0;
		};
		72166DCA223EB9E200D1C8F8 /* Frameworks */ = {
			isa = PBXFrameworksBuildPhase;
			buildActionMask = 2147483647;
			files = (
			);
			runOnlyForDeploymentPostprocessing = 0;
		};
/* End PBXFrameworksBuildPhase section */

/* Begin PBXGroup section */
		72166DA5223EB9E000D1C8F8 = {
			isa = PBXGroup;
			children = (
				72166DDF223EBACD00D1C8F8 /* library.framework */,
				72166DB0223EB9E000D1C8F8 /* KotlinIOS */,
				72166DC5223EB9E200D1C8F8 /* KotlinIOSTests */,
				72166DD0223EB9E200D1C8F8 /* KotlinIOSUITests */,
				72166DAF223EB9E000D1C8F8 /* Products */,
			);
			sourceTree = "<group>";
		};
		72166DAF223EB9E000D1C8F8 /* Products */ = {
			isa = PBXGroup;
			children = (
				72166DAE223EB9E000D1C8F8 /* KotlinIOS.app */,
				72166DC2223EB9E200D1C8F8 /* KotlinIOSTests.xctest */,
				72166DCD223EB9E200D1C8F8 /* KotlinIOSUITests.xctest */,
			);
			name = Products;
			sourceTree = "<group>";
		};
		72166DB0223EB9E000D1C8F8 /* KotlinIOS */ = {
			isa = PBXGroup;
			children = (
				72166DB1223EB9E000D1C8F8 /* AppDelegate.swift */,
				72166DB3223EB9E000D1C8F8 /* ViewController.swift */,
				72166DB5223EB9E000D1C8F8 /* Main.storyboard */,
				72166DB8223EB9E200D1C8F8 /* Assets.xcassets */,
				72166DBA223EB9E200D1C8F8 /* LaunchScreen.storyboard */,
				72166DBD223EB9E200D1C8F8 /* Info.plist */,
			);
			path = KotlinIOS;
			sourceTree = "<group>";
		};
		72166DC5223EB9E200D1C8F8 /* KotlinIOSTests */ = {
			isa = PBXGroup;
			children = (
				72166DC6223EB9E200D1C8F8 /* KotlinIOSTests.swift */,
				72166DC8223EB9E200D1C8F8 /* Info.plist */,
			);
			path = KotlinIOSTests;
			sourceTree = "<group>";
		};
		72166DD0223EB9E200D1C8F8 /* KotlinIOSUITests */ = {
			isa = PBXGroup;
			children = (
				72166DD1223EB9E200D1C8F8 /* KotlinIOSUITests.swift */,
				72166DD3223EB9E200D1C8F8 /* Info.plist */,
			);
			path = KotlinIOSUITests;
			sourceTree = "<group>";
		};
/* End PBXGroup section */

/* Begin PBXNativeTarget section */
		72166DAD223EB9E000D1C8F8 /* KotlinIOS */ = {
			isa = PBXNativeTarget;
			buildConfigurationList = 72166DD6223EB9E200D1C8F8 /* Build configuration list for PBXNativeTarget "KotlinIOS" */;
			buildPhases = (
				72166DE3223EBB3800D1C8F8 /* ShellScript */,
				72166DAA223EB9E000D1C8F8 /* Sources */,
				72166DAB223EB9E000D1C8F8 /* Frameworks */,
				72166DAC223EB9E000D1C8F8 /* Resources */,
				72166DE2223EBACD00D1C8F8 /* Embed Frameworks */,
			);
			buildRules = (
			);
			dependencies = (
			);
			name = KotlinIOS;
			productName = KotlinIOS;
			productReference = 72166DAE223EB9E000D1C8F8 /* KotlinIOS.app */;
			productType = "com.apple.product-type.application";
		};
		72166DC1223EB9E200D1C8F8 /* KotlinIOSTests */ = {
			isa = PBXNativeTarget;
			buildConfigurationList = 72166DD9223EB9E200D1C8F8 /* Build configuration list for PBXNativeTarget "KotlinIOSTests" */;
			buildPhases = (
				72166DBE223EB9E200D1C8F8 /* Sources */,
				72166DBF223EB9E200D1C8F8 /* Frameworks */,
				72166DC0223EB9E200D1C8F8 /* Resources */,
			);
			buildRules = (
			);
			dependencies = (
				72166DC4223EB9E200D1C8F8 /* PBXTargetDependency */,
			);
			name = KotlinIOSTests;
			productName = KotlinIOSTests;
			productReference = 72166DC2223EB9E200D1C8F8 /* KotlinIOSTests.xctest */;
			productType = "com.apple.product-type.bundle.unit-test";
		};
		72166DCC223EB9E200D1C8F8 /* KotlinIOSUITests */ = {
			isa = PBXNativeTarget;
			buildConfigurationList = 72166DDC223EB9E200D1C8F8 /* Build configuration list for PBXNativeTarget "KotlinIOSUITests" */;
			buildPhases = (
				72166DC9223EB9E200D1C8F8 /* Sources */,
				72166DCA223EB9E200D1C8F8 /* Frameworks */,
				72166DCB223EB9E200D1C8F8 /* Resources */,
			);
			buildRules = (
			);
			dependencies = (
				72166DCF223EB9E200D1C8F8 /* PBXTargetDependency */,
			);
			name = KotlinIOSUITests;
			productName = KotlinIOSUITests;
			productReference = 72166DCD223EB9E200D1C8F8 /* KotlinIOSUITests.xctest */;
			productType = "com.apple.product-type.bundle.ui-testing";
		};
/* End PBXNativeTarget section */

/* Begin PBXProject section */
		72166DA6223EB9E000D1C8F8 /* Project object */ = {
			isa = PBXProject;
			attributes = {
				LastSwiftUpdateCheck = 1010;
				LastUpgradeCheck = 1010;
				ORGANIZATIONNAME = chigichan24;
				TargetAttributes = {
					72166DAD223EB9E000D1C8F8 = {
						CreatedOnToolsVersion = 10.1;
					};
					72166DC1223EB9E200D1C8F8 = {
						CreatedOnToolsVersion = 10.1;
						TestTargetID = 72166DAD223EB9E000D1C8F8;
					};
					72166DCC223EB9E200D1C8F8 = {
						CreatedOnToolsVersion = 10.1;
						TestTargetID = 72166DAD223EB9E000D1C8F8;
					};
				};
			};
			buildConfigurationList = 72166DA9223EB9E000D1C8F8 /* Build configuration list for PBXProject "KotlinIOS" */;
			compatibilityVersion = "Xcode 9.3";
			developmentRegion = en;
			hasScannedForEncodings = 0;
			knownRegions = (
				en,
				Base,
			);
			mainGroup = 72166DA5223EB9E000D1C8F8;
			productRefGroup = 72166DAF223EB9E000D1C8F8 /* Products */;
			projectDirPath = "";
			projectRoot = "";
			targets = (
				72166DAD223EB9E000D1C8F8 /* KotlinIOS */,
				72166DC1223EB9E200D1C8F8 /* KotlinIOSTests */,
				72166DCC223EB9E200D1C8F8 /* KotlinIOSUITests */,
			);
		};
/* End PBXProject section */

/* Begin PBXResourcesBuildPhase section */
		72166DAC223EB9E000D1C8F8 /* Resources */ = {
			isa = PBXResourcesBuildPhase;
			buildActionMask = 2147483647;
			files = (
				72166DBC223EB9E200D1C8F8 /* LaunchScreen.storyboard in Resources */,
				72166DB9223EB9E200D1C8F8 /* Assets.xcassets in Resources */,
				72166DB7223EB9E000D1C8F8 /* Main.storyboard in Resources */,
			);
			runOnlyForDeploymentPostprocessing = 0;
		};
		72166DC0223EB9E200D1C8F8 /* Resources */ = {
			isa = PBXResourcesBuildPhase;
			buildActionMask = 2147483647;
			files = (
			);
			runOnlyForDeploymentPostprocessing = 0;
		};
		72166DCB223EB9E200D1C8F8 /* Resources */ = {
			isa = PBXResourcesBuildPhase;
			buildActionMask = 2147483647;
			files = (
			);
			runOnlyForDeploymentPostprocessing = 0;
		};
/* End PBXResourcesBuildPhase section */

/* Begin PBXShellScriptBuildPhase section */
		72166DE3223EBB3800D1C8F8 /* ShellScript */ = {
			isa = PBXShellScriptBuildPhase;
			buildActionMask = 2147483647;
			files = (
			);
			inputFileListPaths = (
			);
			inputPaths = (
			);
			outputFileListPaths = (
			);
			outputPaths = (
			);
			runOnlyForDeploymentPostprocessing = 0;
			shellPath = /bin/sh;
			shellScript = "cd \"$SRCROOT/../../library/build/xcode-frameworks\"\n./gradlew :library:packForXCode -PXCODE_CONFIGURATION=${CONFIGURATION}\n";
		};
/* End PBXShellScriptBuildPhase section */

/* Begin PBXSourcesBuildPhase section */
		72166DAA223EB9E000D1C8F8 /* Sources */ = {
			isa = PBXSourcesBuildPhase;
			buildActionMask = 2147483647;
			files = (
				72166DB4223EB9E000D1C8F8 /* ViewController.swift in Sources */,
				72166DB2223EB9E000D1C8F8 /* AppDelegate.swift in Sources */,
			);
			runOnlyForDeploymentPostprocessing = 0;
		};
		72166DBE223EB9E200D1C8F8 /* Sources */ = {
			isa = PBXSourcesBuildPhase;
			buildActionMask = 2147483647;
			files = (
				72166DC7223EB9E200D1C8F8 /* KotlinIOSTests.swift in Sources */,
			);
			runOnlyForDeploymentPostprocessing = 0;
		};
		72166DC9223EB9E200D1C8F8 /* Sources */ = {
			isa = PBXSourcesBuildPhase;
			buildActionMask = 2147483647;
			files = (
				72166DD2223EB9E200D1C8F8 /* KotlinIOSUITests.swift in Sources */,
			);
			runOnlyForDeploymentPostprocessing = 0;
		};
/* End PBXSourcesBuildPhase section */

/* Begin PBXTargetDependency section */
		72166DC4223EB9E200D1C8F8 /* PBXTargetDependency */ = {
			isa = PBXTargetDependency;
			target = 72166DAD223EB9E000D1C8F8 /* KotlinIOS */;
			targetProxy = 72166DC3223EB9E200D1C8F8 /* PBXContainerItemProxy */;
		};
		72166DCF223EB9E200D1C8F8 /* PBXTargetDependency */ = {
			isa = PBXTargetDependency;
			target = 72166DAD223EB9E000D1C8F8 /* KotlinIOS */;
			targetProxy = 72166DCE223EB9E200D1C8F8 /* PBXContainerItemProxy */;
		};
/* End PBXTargetDependency section */

/* Begin PBXVariantGroup section */
		72166DB5223EB9E000D1C8F8 /* Main.storyboard */ = {
			isa = PBXVariantGroup;
			children = (
				72166DB6223EB9E000D1C8F8 /* Base */,
			);
			name = Main.storyboard;
			sourceTree = "<group>";
		};
		72166DBA223EB9E200D1C8F8 /* LaunchScreen.storyboard */ = {
			isa = PBXVariantGroup;
			children = (
				72166DBB223EB9E200D1C8F8 /* Base */,
			);
			name = LaunchScreen.storyboard;
			sourceTree = "<group>";
		};
/* End PBXVariantGroup section */

/* Begin XCBuildConfiguration section */
		72166DD4223EB9E200D1C8F8 /* Debug */ = {
			isa = XCBuildConfiguration;
			buildSettings = {
				ALWAYS_SEARCH_USER_PATHS = NO;
				CLANG_ANALYZER_NONNULL = YES;
				CLANG_ANALYZER_NUMBER_OBJECT_CONVERSION = YES_AGGRESSIVE;
				CLANG_CXX_LANGUAGE_STANDARD = "gnu++14";
				CLANG_CXX_LIBRARY = "libc++";
				CLANG_ENABLE_MODULES = YES;
				CLANG_ENABLE_OBJC_ARC = YES;
				CLANG_ENABLE_OBJC_WEAK = YES;
				CLANG_WARN_BLOCK_CAPTURE_AUTORELEASING = YES;
				CLANG_WARN_BOOL_CONVERSION = YES;
				CLANG_WARN_COMMA = YES;
				CLANG_WARN_CONSTANT_CONVERSION = YES;
				CLANG_WARN_DEPRECATED_OBJC_IMPLEMENTATIONS = YES;
				CLANG_WARN_DIRECT_OBJC_ISA_USAGE = YES_ERROR;
				CLANG_WARN_DOCUMENTATION_COMMENTS = YES;
				CLANG_WARN_EMPTY_BODY = YES;
				CLANG_WARN_ENUM_CONVERSION = YES;
				CLANG_WARN_INFINITE_RECURSION = YES;
				CLANG_WARN_INT_CONVERSION = YES;
				CLANG_WARN_NON_LITERAL_NULL_CONVERSION = YES;
				CLANG_WARN_OBJC_IMPLICIT_RETAIN_SELF = YES;
				CLANG_WARN_OBJC_LITERAL_CONVERSION = YES;
				CLANG_WARN_OBJC_ROOT_CLASS = YES_ERROR;
				CLANG_WARN_RANGE_LOOP_ANALYSIS = YES;
				CLANG_WARN_STRICT_PROTOTYPES = YES;
				CLANG_WARN_SUSPICIOUS_MOVE = YES;
				CLANG_WARN_UNGUARDED_AVAILABILITY = YES_AGGRESSIVE;
				CLANG_WARN_UNREACHABLE_CODE = YES;
				CLANG_WARN__DUPLICATE_METHOD_MATCH = YES;
				CODE_SIGN_IDENTITY = "iPhone Developer";
				COPY_PHASE_STRIP = NO;
				DEBUG_INFORMATION_FORMAT = dwarf;
				ENABLE_STRICT_OBJC_MSGSEND = YES;
				ENABLE_TESTABILITY = YES;
				GCC_C_LANGUAGE_STANDARD = gnu11;
				GCC_DYNAMIC_NO_PIC = NO;
				GCC_NO_COMMON_BLOCKS = YES;
				GCC_OPTIMIZATION_LEVEL = 0;
				GCC_PREPROCESSOR_DEFINITIONS = (
					"DEBUG=1",
					"$(inherited)",
				);
				GCC_WARN_64_TO_32_BIT_CONVERSION = YES;
				GCC_WARN_ABOUT_RETURN_TYPE = YES_ERROR;
				GCC_WARN_UNDECLARED_SELECTOR = YES;
				GCC_WARN_UNINITIALIZED_AUTOS = YES_AGGRESSIVE;
				GCC_WARN_UNUSED_FUNCTION = YES;
				GCC_WARN_UNUSED_VARIABLE = YES;
				IPHONEOS_DEPLOYMENT_TARGET = 12.1;
				MTL_ENABLE_DEBUG_INFO = INCLUDE_SOURCE;
				MTL_FAST_MATH = YES;
				ONLY_ACTIVE_ARCH = YES;
				SDKROOT = iphoneos;
				SWIFT_ACTIVE_COMPILATION_CONDITIONS = DEBUG;
				SWIFT_OPTIMIZATION_LEVEL = "-Onone";
			};
			name = Debug;
		};
		72166DD5223EB9E200D1C8F8 /* Release */ = {
			isa = XCBuildConfiguration;
			buildSettings = {
				ALWAYS_SEARCH_USER_PATHS = NO;
				CLANG_ANALYZER_NONNULL = YES;
				CLANG_ANALYZER_NUMBER_OBJECT_CONVERSION = YES_AGGRESSIVE;
				CLANG_CXX_LANGUAGE_STANDARD = "gnu++14";
				CLANG_CXX_LIBRARY = "libc++";
				CLANG_ENABLE_MODULES = YES;
				CLANG_ENABLE_OBJC_ARC = YES;
				CLANG_ENABLE_OBJC_WEAK = YES;
				CLANG_WARN_BLOCK_CAPTURE_AUTORELEASING = YES;
				CLANG_WARN_BOOL_CONVERSION = YES;
				CLANG_WARN_COMMA = YES;
				CLANG_WARN_CONSTANT_CONVERSION = YES;
				CLANG_WARN_DEPRECATED_OBJC_IMPLEMENTATIONS = YES;
				CLANG_WARN_DIRECT_OBJC_ISA_USAGE = YES_ERROR;
				CLANG_WARN_DOCUMENTATION_COMMENTS = YES;
				CLANG_WARN_EMPTY_BODY = YES;
				CLANG_WARN_ENUM_CONVERSION = YES;
				CLANG_WARN_INFINITE_RECURSION = YES;
				CLANG_WARN_INT_CONVERSION = YES;
				CLANG_WARN_NON_LITERAL_NULL_CONVERSION = YES;
				CLANG_WARN_OBJC_IMPLICIT_RETAIN_SELF = YES;
				CLANG_WARN_OBJC_LITERAL_CONVERSION = YES;
				CLANG_WARN_OBJC_ROOT_CLASS = YES_ERROR;
				CLANG_WARN_RANGE_LOOP_ANALYSIS = YES;
				CLANG_WARN_STRICT_PROTOTYPES = YES;
				CLANG_WARN_SUSPICIOUS_MOVE = YES;
				CLANG_WARN_UNGUARDED_AVAILABILITY = YES_AGGRESSIVE;
				CLANG_WARN_UNREACHABLE_CODE = YES;
				CLANG_WARN__DUPLICATE_METHOD_MATCH = YES;
				CODE_SIGN_IDENTITY = "iPhone Developer";
				COPY_PHASE_STRIP = NO;
				DEBUG_INFORMATION_FORMAT = "dwarf-with-dsym";
				ENABLE_NS_ASSERTIONS = NO;
				ENABLE_STRICT_OBJC_MSGSEND = YES;
				GCC_C_LANGUAGE_STANDARD = gnu11;
				GCC_NO_COMMON_BLOCKS = YES;
				GCC_WARN_64_TO_32_BIT_CONVERSION = YES;
				GCC_WARN_ABOUT_RETURN_TYPE = YES_ERROR;
				GCC_WARN_UNDECLARED_SELECTOR = YES;
				GCC_WARN_UNINITIALIZED_AUTOS = YES_AGGRESSIVE;
				GCC_WARN_UNUSED_FUNCTION = YES;
				GCC_WARN_UNUSED_VARIABLE = YES;
				IPHONEOS_DEPLOYMENT_TARGET = 12.1;
				MTL_ENABLE_DEBUG_INFO = NO;
				MTL_FAST_MATH = YES;
				SDKROOT = iphoneos;
				SWIFT_COMPILATION_MODE = wholemodule;
				SWIFT_OPTIMIZATION_LEVEL = "-O";
				VALIDATE_PRODUCT = YES;
			};
			name = Release;
		};
		72166DD7223EB9E200D1C8F8 /* Debug */ = {
			isa = XCBuildConfiguration;
			buildSettings = {
				ASSETCATALOG_COMPILER_APPICON_NAME = AppIcon;
				CODE_SIGN_STYLE = Automatic;
				DEVELOPMENT_TEAM = 94E258N7J4;
				ENABLE_BITCODE = NO;
				FRAMEWORK_SEARCH_PATHS = "$(SRCROOT)/../../library/build/xcode-frameworks/**";
				INFOPLIST_FILE = KotlinIOS/Info.plist;
				LD_RUNPATH_SEARCH_PATHS = (
					"$(inherited)",
					"@executable_path/Frameworks",
				);
				PRODUCT_BUNDLE_IDENTIFIER = net.chigita.mpp.KotlinIOS;
				PRODUCT_NAME = "$(TARGET_NAME)";
				SWIFT_VERSION = 4.2;
				TARGETED_DEVICE_FAMILY = "1,2";
			};
			name = Debug;
		};
		72166DD8223EB9E200D1C8F8 /* Release */ = {
			isa = XCBuildConfiguration;
			buildSettings = {
				ASSETCATALOG_COMPILER_APPICON_NAME = AppIcon;
				CODE_SIGN_STYLE = Automatic;
				DEVELOPMENT_TEAM = 94E258N7J4;
				ENABLE_BITCODE = NO;
				FRAMEWORK_SEARCH_PATHS = "$(SRCROOT)/../../library/build/xcode-frameworks/**";
				INFOPLIST_FILE = KotlinIOS/Info.plist;
				LD_RUNPATH_SEARCH_PATHS = (
					"$(inherited)",
					"@executable_path/Frameworks",
				);
				PRODUCT_BUNDLE_IDENTIFIER = net.chigita.mpp.KotlinIOS;
				PRODUCT_NAME = "$(TARGET_NAME)";
				SWIFT_VERSION = 4.2;
				TARGETED_DEVICE_FAMILY = "1,2";
			};
			name = Release;
		};
		72166DDA223EB9E200D1C8F8 /* Debug */ = {
			isa = XCBuildConfiguration;
			buildSettings = {
				ALWAYS_EMBED_SWIFT_STANDARD_LIBRARIES = YES;
				BUNDLE_LOADER = "$(TEST_HOST)";
				CODE_SIGN_STYLE = Automatic;
				DEVELOPMENT_TEAM = 94E258N7J4;
				INFOPLIST_FILE = KotlinIOSTests/Info.plist;
				LD_RUNPATH_SEARCH_PATHS = (
					"$(inherited)",
					"@executable_path/Frameworks",
					"@loader_path/Frameworks",
				);
				PRODUCT_BUNDLE_IDENTIFIER = net.chigita.mpp.KotlinIOSTests;
				PRODUCT_NAME = "$(TARGET_NAME)";
				SWIFT_VERSION = 4.2;
				TARGETED_DEVICE_FAMILY = "1,2";
				TEST_HOST = "$(BUILT_PRODUCTS_DIR)/KotlinIOS.app/KotlinIOS";
			};
			name = Debug;
		};
		72166DDB223EB9E200D1C8F8 /* Release */ = {
			isa = XCBuildConfiguration;
			buildSettings = {
				ALWAYS_EMBED_SWIFT_STANDARD_LIBRARIES = YES;
				BUNDLE_LOADER = "$(TEST_HOST)";
				CODE_SIGN_STYLE = Automatic;
				DEVELOPMENT_TEAM = 94E258N7J4;
				INFOPLIST_FILE = KotlinIOSTests/Info.plist;
				LD_RUNPATH_SEARCH_PATHS = (
					"$(inherited)",
					"@executable_path/Frameworks",
					"@loader_path/Frameworks",
				);
				PRODUCT_BUNDLE_IDENTIFIER = net.chigita.mpp.KotlinIOSTests;
				PRODUCT_NAME = "$(TARGET_NAME)";
				SWIFT_VERSION = 4.2;
				TARGETED_DEVICE_FAMILY = "1,2";
				TEST_HOST = "$(BUILT_PRODUCTS_DIR)/KotlinIOS.app/KotlinIOS";
			};
			name = Release;
		};
		72166DDD223EB9E200D1C8F8 /* Debug */ = {
			isa = XCBuildConfiguration;
			buildSettings = {
				ALWAYS_EMBED_SWIFT_STANDARD_LIBRARIES = YES;
				CODE_SIGN_STYLE = Automatic;
				DEVELOPMENT_TEAM = 94E258N7J4;
				INFOPLIST_FILE = KotlinIOSUITests/Info.plist;
				LD_RUNPATH_SEARCH_PATHS = (
					"$(inherited)",
					"@executable_path/Frameworks",
					"@loader_path/Frameworks",
				);
				PRODUCT_BUNDLE_IDENTIFIER = net.chigita.mpp.KotlinIOSUITests;
				PRODUCT_NAME = "$(TARGET_NAME)";
				SWIFT_VERSION = 4.2;
				TARGETED_DEVICE_FAMILY = "1,2";
				TEST_TARGET_NAME = KotlinIOS;
			};
			name = Debug;
		};
		72166DDE223EB9E200D1C8F8 /* Release */ = {
			isa = XCBuildConfiguration;
			buildSettings = {
				ALWAYS_EMBED_SWIFT_STANDARD_LIBRARIES = YES;
				CODE_SIGN_STYLE = Automatic;
				DEVELOPMENT_TEAM = 94E258N7J4;
				INFOPLIST_FILE = KotlinIOSUITests/Info.plist;
				LD_RUNPATH_SEARCH_PATHS = (
					"$(inherited)",
					"@executable_path/Frameworks",
					"@loader_path/Frameworks",
				);
				PRODUCT_BUNDLE_IDENTIFIER = net.chigita.mpp.KotlinIOSUITests;
				PRODUCT_NAME = "$(TARGET_NAME)";
				SWIFT_VERSION = 4.2;
				TARGETED_DEVICE_FAMILY = "1,2";
				TEST_TARGET_NAME = KotlinIOS;
			};
			name = Release;
		};
/* End XCBuildConfiguration section */

/* Begin XCConfigurationList section */
		72166DA9223EB9E000D1C8F8 /* Build configuration list for PBXProject "KotlinIOS" */ = {
			isa = XCConfigurationList;
			buildConfigurations = (
				72166DD4223EB9E200D1C8F8 /* Debug */,
				72166DD5223EB9E200D1C8F8 /* Release */,
			);
			defaultConfigurationIsVisible = 0;
			defaultConfigurationName = Release;
		};
		72166DD6223EB9E200D1C8F8 /* Build configuration list for PBXNativeTarget "KotlinIOS" */ = {
			isa = XCConfigurationList;
			buildConfigurations = (
				72166DD7223EB9E200D1C8F8 /* Debug */,
				72166DD8223EB9E200D1C8F8 /* Release */,
			);
			defaultConfigurationIsVisible = 0;
			defaultConfigurationName = Release;
		};
		72166DD9223EB9E200D1C8F8 /* Build configuration list for PBXNativeTarget "KotlinIOSTests" */ = {
			isa = XCConfigurationList;
			buildConfigurations = (
				72166DDA223EB9E200D1C8F8 /* Debug */,
				72166DDB223EB9E200D1C8F8 /* Release */,
			);
			defaultConfigurationIsVisible = 0;
			defaultConfigurationName = Release;
		};
		72166DDC223EB9E200D1C8F8 /* Build configuration list for PBXNativeTarget "KotlinIOSUITests" */ = {
			isa = XCConfigurationList;
			buildConfigurations = (
				72166DDD223EB9E200D1C8F8 /* Debug */,
				72166DDE223EB9E200D1C8F8 /* Release */,
			);
			defaultConfigurationIsVisible = 0;
			defaultConfigurationName = Release;
		};
/* End XCConfigurationList section */
	};
	rootObject = 72166DA6223EB9E000D1C8F8 /* Project object */;
}
